
Microsoft Visual Studio Solution File, Format Version 12.00
# Visual Studio Version 16
VisualStudioVersion = 16.0.29613.14
MinimumVisualStudioVersion = 10.0.40219.1
Project("{9A19103F-16F7-4668-BE54-9A1E7A4F7556}") = "chartApplication", "chartApplication.csproj", "{EAB19C00-92FD-4974-A545-8C89F782AEA7}"
EndProject
Global
	GlobalSection(SolutionConfigurationPlatforms) = preSolution
		Debug|Any CPU = Debug|Any CPU
		Release|Any CPU = Release|Any CPU
	EndGlobalSection
	GlobalSection(ProjectConfigurationPlatforms) = postSolution
		{EAB19C00-92FD-4974-A545-8C89F782AEA7}.Debug|Any CPU.ActiveCfg = Debug|Any CPU
		{EAB19C00-92FD-4974-A545-8C89F782AEA7}.Debug|Any CPU.Build.0 = Debug|Any CPU
		{EAB19C00-92FD-4974-A545-8C89F782AEA7}.Release|Any CPU.ActiveCfg = Release|Any CPU
		{EAB19C00-92FD-4974-A545-8C89F782AEA7}.Release|Any CPU.Build.0 = Release|Any CPU
	EndGlobalSection
	GlobalSection(SolutionProperties) = preSolution
		HideSolutionNode = FALSE
	EndGlobalSection
	GlobalSection(ExtensibilityGlobals) = postSolution
		SolutionGuid = {971AE35C-D3CE-4199-93DB-1A34867BDBCF}
	EndGlobalSection
EndGlobal
